{
  "projects": [
    {
      "projectId": "3MeN9jw5ag7idoatJ62R6w",
      "version": "latest",
      "dependencies": {},
      "lang": "js",
      "fileLocks": [
        {
          "type": "globalVariant",
          "assetId": "uW849NwlDPZEnH",
          "checksum": "81e7765ed6565141037caf8d144a5d72"
        },
        {
          "assetId": "3MeN9jw5ag7idoatJ62R6w",
          "type": "projectCss",
          "checksum": "3adc5b16be551f552387369bec21a840"
        },
        {
          "type": "renderModule",
          "assetId": "UpkuZXj3-p4oOk",
          "checksum": "0a8cbe9d6b37bb2bb28cbcc9367339a6"
        },
        {
          "type": "cssRules",
          "assetId": "UpkuZXj3-p4oOk",
          "checksum": "0a8cbe9d6b37bb2bb28cbcc9367339a6"
        },
        {
          "type": "renderModule",
          "assetId": "6liFua4rlEpKyn",
          "checksum": "0b87ac128f3aa116c8d387858fc9e1a1"
        },
        {
          "type": "cssRules",
          "assetId": "6liFua4rlEpKyn",
          "checksum": "0b87ac128f3aa116c8d387858fc9e1a1"
        },
        {
          "type": "renderModule",
          "assetId": "dKwrwWna1ZGz-H",
          "checksum": "396bbcb2ad5bcb4f6dfb6d190ac10e8a"
        },
        {
          "type": "cssRules",
          "assetId": "dKwrwWna1ZGz-H",
          "checksum": "396bbcb2ad5bcb4f6dfb6d190ac10e8a"
        },
        {
          "type": "renderModule",
          "assetId": "K_hf9-UXrWCjm3",
          "checksum": "974ac372e0b8fa2effb8ea85b1a05e4d"
        },
        {
          "type": "cssRules",
          "assetId": "K_hf9-UXrWCjm3",
          "checksum": "974ac372e0b8fa2effb8ea85b1a05e4d"
        },
        {
          "type": "renderModule",
          "assetId": "mj_O5lbqHvwG7X",
          "checksum": "55253b3e1bb3a8ae0a1e74dd9f8208d3"
        },
        {
          "type": "cssRules",
          "assetId": "mj_O5lbqHvwG7X",
          "checksum": "55253b3e1bb3a8ae0a1e74dd9f8208d3"
        },
        {
          "type": "renderModule",
          "assetId": "-UqL-XqYMXjwYK",
          "checksum": "e61fb57ec6c118db8a36d6481de18496"
        },
        {
          "type": "cssRules",
          "assetId": "-UqL-XqYMXjwYK",
          "checksum": "e61fb57ec6c118db8a36d6481de18496"
        },
        {
          "type": "renderModule",
          "assetId": "PVvKJvoituc174",
          "checksum": "39082e2e7773bb6c776d46e9cf5c8231"
        },
        {
          "type": "cssRules",
          "assetId": "PVvKJvoituc174",
          "checksum": "39082e2e7773bb6c776d46e9cf5c8231"
        },
        {
          "type": "renderModule",
          "assetId": "VOm8gXaw0EC2aj",
          "checksum": "a76b47c3a046d7f3c6af1a3bfa6e9503"
        },
        {
          "type": "cssRules",
          "assetId": "VOm8gXaw0EC2aj",
          "checksum": "a76b47c3a046d7f3c6af1a3bfa6e9503"
        },
        {
          "type": "renderModule",
          "assetId": "Q020FGYkgDmSbw",
          "checksum": "2b10222ff93141e3529dae4aff49cc5f"
        },
        {
          "type": "cssRules",
          "assetId": "Q020FGYkgDmSbw",
          "checksum": "2b10222ff93141e3529dae4aff49cc5f"
        },
        {
          "type": "renderModule",
          "assetId": "7Lc_EtX3oq7k19",
          "checksum": "d04d37a3f014fe1e15c2b5186ef126fa"
        },
        {
          "type": "cssRules",
          "assetId": "7Lc_EtX3oq7k19",
          "checksum": "d04d37a3f014fe1e15c2b5186ef126fa"
        },
        {
          "type": "renderModule",
          "assetId": "MaH2PuiUXFDjA1",
          "checksum": "7866ecefe2f96db2769aff365539f077"
        },
        {
          "type": "cssRules",
          "assetId": "MaH2PuiUXFDjA1",
          "checksum": "7866ecefe2f96db2769aff365539f077"
        },
        {
          "type": "icon",
          "assetId": "mPGrEqgSIOU0nv",
          "checksum": "a774c5a34b792a934c62057cab795dad"
        },
        {
          "type": "icon",
          "assetId": "Ai3-42nSn9C4fZ",
          "checksum": "c591afb8501b89c527250145f6da07ad"
        },
        {
          "type": "icon",
          "assetId": "lZp7I9uocbC0Mu",
          "checksum": "08b5e82e4ba2b8da67e547161c5511d3"
        },
        {
          "type": "icon",
          "assetId": "oEXPWp5m5mIFom",
          "checksum": "11db6797490459b8a4aa3cf69d9de9ae"
        },
        {
          "type": "icon",
          "assetId": "4za-mT2PZppE6a",
          "checksum": "7c84eb2037cb0e5b4f5779d726ce2367"
        },
        {
          "type": "icon",
          "assetId": "fpo1wi3v4W4G7Z",
          "checksum": "ae2a102227cefef15d539ab5998b3eea"
        },
        {
          "type": "icon",
          "assetId": "A4ghiFNZY9RE1X",
          "checksum": "83c6fcfac408a21288c4000c8da86db9"
        },
        {
          "type": "icon",
          "assetId": "I59znBL6Y3nGUO",
          "checksum": "937f90a69addc9aa8b2dccf9a7fc1739"
        },
        {
          "type": "icon",
          "assetId": "UC1n64xqm9U5V5",
          "checksum": "8e0b26532dfd61d586f4901274fa08d1"
        },
        {
          "type": "icon",
          "assetId": "Ws_A-f4J6jt_gM",
          "checksum": "4db2c9e2d8a42e5e889f0f4135206fe5"
        },
        {
          "type": "icon",
          "assetId": "5c484EfKtAISVv",
          "checksum": "13da9e151284a1ca4621a3829bd8e62e"
        },
        {
          "type": "icon",
          "assetId": "wqgHOGpPhaeRyP",
          "checksum": "0e90efd9d16fbc5c3cec63d7b96485e6"
        },
        {
          "type": "icon",
          "assetId": "SruLevulkM0W6g",
          "checksum": "d6d7988e1007358dea11ffc3c1b1ed98"
        },
        {
          "type": "icon",
          "assetId": "6kJWYiykXvWjJ4",
          "checksum": "da37d1786f0499e6beb0de47e3a05cfd"
        },
        {
          "type": "icon",
          "assetId": "AiH8MUnyTUpHl2",
          "checksum": "aa6e176690d9a36f7be1eeb6d953bfd4"
        },
        {
          "type": "icon",
          "assetId": "WMUhdiUDtfAx_r",
          "checksum": "a971f23edf4b9f39cc78a6dac0b9f575"
        },
        {
          "type": "icon",
          "assetId": "w3_cOaoR1oyo0o",
          "checksum": "9d7b8077478e17557e43a3f41c409bcc"
        },
        {
          "type": "icon",
          "assetId": "wNrQ91YfJ1kCi5",
          "checksum": "f3e6dc4895e658baed9b4b2a0f08311e"
        },
        {
          "type": "icon",
          "assetId": "ymCxFcai2qP8d4",
          "checksum": "77456c0f3a95c40db4a51bd49d9502a1"
        },
        {
          "type": "icon",
          "assetId": "RTtmm7Sw17bddN",
          "checksum": "2959c4a66f1ca45fc34322d05038a772"
        },
        {
          "type": "icon",
          "assetId": "dyhW-Bm8PYXFd4",
          "checksum": "fe52f5242848bf430473cfe9dda8f92d"
        },
        {
          "type": "icon",
          "assetId": "2OtyUlvfCBnR7V",
          "checksum": "5292304497308b7054d664c94415979d"
        },
        {
          "type": "icon",
          "assetId": "8h_lTlgB8W_Chc",
          "checksum": "d7a8c14e510b868b0266c9cfc9876d5b"
        },
        {
          "type": "icon",
          "assetId": "pUT_AuoZxj0tD1",
          "checksum": "3d9d4dd6e2b1936802d2a865bb66ac0c"
        },
        {
          "type": "icon",
          "assetId": "en5tOl9ye6ycjv",
          "checksum": "eda336f597e218359891a7416a5dbee7"
        },
        {
          "type": "icon",
          "assetId": "QFoVjqDObPVrGd",
          "checksum": "562a4a963b5a20abd14c01ac4f05fff0"
        },
        {
          "type": "icon",
          "assetId": "pt4C9dGjJ5BIq_",
          "checksum": "6d82ac0b534895a0d10c2f0b4a62f1d9"
        },
        {
          "type": "icon",
          "assetId": "SyF7kS2WqIswWi",
          "checksum": "032dd95039debbde3bc09efb6a4ba500"
        },
        {
          "type": "icon",
          "assetId": "TNP8xrEUhTRGy0",
          "checksum": "b2733f2f10280c3c495682e2e5c65a4c"
        },
        {
          "type": "icon",
          "assetId": "H5sBCyC1RXR_ep",
          "checksum": "d729de28774768ec53158eee96c99a8d"
        },
        {
          "type": "icon",
          "assetId": "3hNkj3VCylYQ-h",
          "checksum": "21374072fdb39b84d99496e5e35a5edd"
        },
        {
          "type": "icon",
          "assetId": "2TMmQLtSECzi6Q",
          "checksum": "7e1838b0c46dc4345e72abf7b9ce0469"
        },
        {
          "type": "icon",
          "assetId": "H3Iv1r5yQhH-tE",
          "checksum": "307f13dd3ea952e5d58d7ee0395f4bde"
        },
        {
          "type": "icon",
          "assetId": "Q2kw7v9meaNOxC",
          "checksum": "3b7f74bb4a90a629fa885f7e81aaab55"
        },
        {
          "type": "icon",
          "assetId": "xNJwo3LlBkE8Du",
          "checksum": "c271c673dd0b3165547bf3353e12f58d"
        },
        {
          "type": "icon",
          "assetId": "K61aQSkRHYiooW",
          "checksum": "795cc4492702aa82f7543738bd251e08"
        },
        {
          "type": "icon",
          "assetId": "LqHV91UiBXtTn-",
          "checksum": "1a333b105c2b7549ac8ba67deac300a7"
        },
        {
          "type": "icon",
          "assetId": "nyIUjCCfrqinYE",
          "checksum": "e4b275f5c133057c059b3ac0efaf4092"
        },
        {
          "type": "icon",
          "assetId": "G4cWtJRB8w6DXF",
          "checksum": "867dad0a246239df6350ab8e65fb254c"
        },
        {
          "type": "image",
          "assetId": "ilAA_NR5_x7x_R",
          "checksum": "5a61f30df6386c848cbb4277c496f36d"
        },
        {
          "type": "image",
          "assetId": "2rTvNChf3LHihB",
          "checksum": "226d044664cddc022fda12f636c26e95"
        },
        {
          "type": "image",
          "assetId": "6MPu5sX5iIVibe",
          "checksum": "5cdda16357688534c440c0f1841edea0"
        },
        {
          "type": "image",
          "assetId": "Qbo4qfQzw7VxUu",
          "checksum": "62e0b97fa70651a28b1af8c5feea495c"
        },
        {
          "type": "image",
          "assetId": "XbXUeghsH5ByPs",
          "checksum": "cea280d22142651e00425d01c0df2aa0"
        },
        {
          "type": "image",
          "assetId": "Fb5vSOZ1P5a_1U",
          "checksum": "9fac93f8b4c4a8a8f307f11fc9eeb081"
        },
        {
          "type": "image",
          "assetId": "v1jfxEO4IODSQf",
          "checksum": "86b2420e21f996aafed398f2b8faccce"
        },
        {
          "type": "image",
          "assetId": "Nbgqam5X7OI3Xz",
          "checksum": "63a126af351a0657ad642ad56c77e052"
        },
        {
          "type": "image",
          "assetId": "ccuba5mG2xgZGi",
          "checksum": "0dc8a838c66dc6d38368b3710979f2c1"
        },
        {
          "type": "image",
          "assetId": "nBzq06f6Vm37bP",
          "checksum": "5ca84a748b1877d52689d5564ddfe210"
        },
        {
          "type": "image",
          "assetId": "VFAzrUuQF-V_yS",
          "checksum": "c53b92857a668113353f2b16b7fb34bc"
        },
        {
          "type": "image",
          "assetId": "T__umqeN5FGtzx",
          "checksum": "e99aaa2b4fe643f4b7abff50c098acd8"
        },
        {
          "type": "image",
          "assetId": "nWFnkSFpho46k1",
          "checksum": "a9465182573537a646c66b391cf63912"
        },
        {
          "type": "image",
          "assetId": "1EVp2K2uFyWesY",
          "checksum": "3341253f5a6274da64fc27555bd3131d"
        },
        {
          "type": "image",
          "assetId": "-XjpOjgWmPb9xi",
          "checksum": "548b2514dc5cc806f6d8d0631ba26e2c"
        },
        {
          "type": "image",
          "assetId": "wO-Thpi_prLzIp",
          "checksum": "b940265424e3db8a180f39926402c10c"
        },
        {
          "type": "image",
          "assetId": "aaH_AGnleJVL58",
          "checksum": "ff034afdb6ed1877c1e74f2646c63ed1"
        },
        {
          "type": "image",
          "assetId": "gHjJOHEjer8icv",
          "checksum": "bbd5dff89b45febb518732aea43c0b78"
        },
        {
          "type": "image",
          "assetId": "4BfOEEl7E3Worm",
          "checksum": "10876745cdc25c553ec863b1d09144b6"
        },
        {
          "type": "image",
          "assetId": "gNAST7DrD42T1V",
          "checksum": "d02aec1e9f2bf75221ff9b0b75c92d68"
        },
        {
          "type": "image",
          "assetId": "bqpzDHcpfTdVLR",
          "checksum": "1b06837b07af4e11d712ab16a837afd2"
        },
        {
          "type": "image",
          "assetId": "AZi0YL2IAcwsH_",
          "checksum": "f43baadabe21d8c0d5d94d09c2615f9f"
        },
        {
          "type": "image",
          "assetId": "xxDwh-DbekRj6q",
          "checksum": "10f17c8e52bb7c243939641e0327f277"
        },
        {
          "type": "image",
          "assetId": "GUBPWYOK8RNK0h",
          "checksum": "e76821e3b6ca4fdfa8d9ce5eda53cbfe"
        },
        {
          "type": "image",
          "assetId": "fitaXYeruSyVBY",
          "checksum": "f410f37c7312e51d20c5b54c399a9b67"
        },
        {
          "type": "image",
          "assetId": "01WPzMVRPvuOA7",
          "checksum": "125021a1e9fd25f36201e5af151342a7"
        },
        {
          "type": "image",
          "assetId": "Nck-Xa0ecF-gIY",
          "checksum": "1d16d3c5aa4390c2b643683243ac0e71"
        },
        {
          "type": "image",
          "assetId": "Scjau0qiJxTTfb",
          "checksum": "b2ce758da16a728f07c0932ee568d327"
        },
        {
          "type": "image",
          "assetId": "EQv1Cy59VDa-t-",
          "checksum": "5d464457149bed819e327a53e07941a0"
        },
        {
          "type": "image",
          "assetId": "nvNP7bihPTS6CF",
          "checksum": "8c032275d3184e96bd12559089bb06c9"
        },
        {
          "type": "image",
          "assetId": "6L3DRIeHjx_zXn",
          "checksum": "d72ef92f168af603c0c1e2163150c1a2"
        },
        {
          "type": "image",
          "assetId": "vg0asStOFsl264",
          "checksum": "dc52100b9cf271eb67db80369a7a764c"
        }
      ],
      "codegenVersion": "0.0.1"
    }
  ],
  "cliVersion": "0.1.202"
}
